// !$*UTF8*$!
{
	archiveVersion = 1;
	classes = {
	};
	objectVersion = 46;
	objects = {

/* Begin PBXBuildFile section */
		CA1B1C201D83463A003289D1 /* MessageUI.framework in Frameworks */ = {isa = PBXBuildFile; fileRef = CA1B1C1F1D83463A003289D1 /* MessageUI.framework */; };
		CA1BB2341D7ADB5F00A4E0B7 /* AppDelegate.swift in Sources */ = {isa = PBXBuildFile; fileRef = CA1BB2331D7ADB5F00A4E0B7 /* AppDelegate.swift */; };
		CA1BB2361D7ADB5F00A4E0B7 /* ViewController.swift in Sources */ = {isa = PBXBuildFile; fileRef = CA1BB2351D7ADB5F00A4E0B7 /* ViewController.swift */; };
		CA1BB2391D7ADB5F00A4E0B7 /* Main.storyboard in Resources */ = {isa = PBXBuildFile; fileRef = CA1BB2371D7ADB5F00A4E0B7 /* Main.storyboard */; };
		CA1BB23B1D7ADB5F00A4E0B7 /* Assets.xcassets in Resources */ = {isa = PBXBuildFile; fileRef = CA1BB23A1D7ADB5F00A4E0B7 /* Assets.xcassets */; };
		CA1BB23E1D7ADB5F00A4E0B7 /* LaunchScreen.storyboard in Resources */ = {isa = PBXBuildFile; fileRef = CA1BB23C1D7ADB5F00A4E0B7 /* LaunchScreen.storyboard */; };
		CA3B8E091D8600B000062EC7 /* AddEditViewController.swift in Sources */ = {isa = PBXBuildFile; fileRef = CA3B8E081D8600B000062EC7 /* AddEditViewController.swift */; };
		CA3B8E0B1D87690500062EC7 /* ContactsUI.framework in Frameworks */ = {isa = PBXBuildFile; fileRef = CA3B8E0A1D87690500062EC7 /* ContactsUI.framework */; };
		CA925A8B1D82B5CC004BB6D1 /* CustomCell.swift in Sources */ = {isa = PBXBuildFile; fileRef = CA925A8A1D82B5CC004BB6D1 /* CustomCell.swift */; };
		CAD669701D899D6D008F49F6 /* PhonesPopupViewController.swift in Sources */ = {isa = PBXBuildFile; fileRef = CAD6696F1D899D6D008F49F6 /* PhonesPopupViewController.swift */; };
		CAD669721D89A8EF008F49F6 /* Numbers Custom Cell.swift in Sources */ = {isa = PBXBuildFile; fileRef = CAD669711D89A8EF008F49F6 /* Numbers Custom Cell.swift */; };
		CAD669741D8C1B6E008F49F6 /* AboutViewController.swift in Sources */ = {isa = PBXBuildFile; fileRef = CAD669731D8C1B6E008F49F6 /* AboutViewController.swift */; };
/* End PBXBuildFile section */

/* Begin PBXFileReference section */
		CA1B1C1F1D83463A003289D1 /* MessageUI.framework */ = {isa = PBXFileReference; lastKnownFileType = wrapper.framework; name = MessageUI.framework; path = System/Library/Frameworks/MessageUI.framework; sourceTree = SDKROOT; };
		CA1BB2301D7ADB5F00A4E0B7 /* KwikText.app */ = {isa = PBXFileReference; explicitFileType = wrapper.application; includeInIndex = 0; path = KwikText.app; sourceTree = BUILT_PRODUCTS_DIR; };
		CA1BB2331D7ADB5F00A4E0B7 /* AppDelegate.swift */ = {isa = PBXFileReference; lastKnownFileType = sourcecode.swift; path = AppDelegate.swift; sourceTree = "<group>"; };
		CA1BB2351D7ADB5F00A4E0B7 /* ViewController.swift */ = {isa = PBXFileReference; lastKnownFileType = sourcecode.swift; path = ViewController.swift; sourceTree = "<group>"; };
		CA1BB2381D7ADB5F00A4E0B7 /* Base */ = {isa = PBXFileReference; lastKnownFileType = file.storyboard; name = Base; path = Base.lproj/Main.storyboard; sourceTree = "<group>"; };
		CA1BB23A1D7ADB5F00A4E0B7 /* Assets.xcassets */ = {isa = PBXFileReference; lastKnownFileType = folder.assetcatalog; path = Assets.xcassets; sourceTree = "<group>"; };
		CA1BB23D1D7ADB5F00A4E0B7 /* Base */ = {isa = PBXFileReference; lastKnownFileType = file.storyboard; name = Base; path = Base.lproj/LaunchScreen.storyboard; sourceTree = "<group>"; };
		CA1BB23F1D7ADB5F00A4E0B7 /* Info.plist */ = {isa = PBXFileReference; lastKnownFileType = text.plist.xml; path = Info.plist; sourceTree = "<group>"; };
		CA3B8E081D8600B000062EC7 /* AddEditViewController.swift */ = {isa = PBXFileReference; fileEncoding = 4; lastKnownFileType = sourcecode.swift; path = AddEditViewController.swift; sourceTree = "<group>"; };
		CA3B8E0A1D87690500062EC7 /* ContactsUI.framework */ = {isa = PBXFileReference; lastKnownFileType = wrapper.framework; name = ContactsUI.framework; path = System/Library/Frameworks/ContactsUI.framework; sourceTree = SDKROOT; };
		CA925A8A1D82B5CC004BB6D1 /* CustomCell.swift */ = {isa = PBXFileReference; fileEncoding = 4; lastKnownFileType = sourcecode.swift; path = CustomCell.swift; sourceTree = "<group>"; };
		CAD6696F1D899D6D008F49F6 /* PhonesPopupViewController.swift */ = {isa = PBXFileReference; fileEncoding = 4; lastKnownFileType = sourcecode.swift; path = PhonesPopupViewController.swift; sourceTree = "<group>"; };
		CAD669711D89A8EF008F49F6 /* Numbers Custom Cell.swift */ = {isa = PBXFileReference; fileEncoding = 4; lastKnownFileType = sourcecode.swift; path = "Numbers Custom Cell.swift"; sourceTree = "<group>"; };
		CAD669731D8C1B6E008F49F6 /* AboutViewController.swift */ = {isa = PBXFileReference; fileEncoding = 4; lastKnownFileType = sourcecode.swift; path = AboutViewController.swift; sourceTree = "<group>"; };
/* End PBXFileReference section */

/* Begin PBXFrameworksBuildPhase section */
		CA1BB22D1D7ADB5F00A4E0B7 /* Frameworks */ = {
			isa = PBXFrameworksBuildPhase;
			buildActionMask = 2147483647;
			files = (
				CA3B8E0B1D87690500062EC7 /* ContactsUI.framework in Frameworks */,
				CA1B1C201D83463A003289D1 /* MessageUI.framework in Frameworks */,
			);
			runOnlyForDeploymentPostprocessing = 0;
		};
/* End PBXFrameworksBuildPhase section */

/* Begin PBXGroup section */
		A0B626F924BFCE71004F234A /* Storyboards */ = {
			isa = PBXGroup;
			children = (
				CA1BB2371D7ADB5F00A4E0B7 /* Main.storyboard */,
				CA1BB23C1D7ADB5F00A4E0B7 /* LaunchScreen.storyboard */,
			);
			path = Storyboards;
			sourceTree = "<group>";
		};
		A0B626FA24BFCF7C004F234A /* Custom Cells */ = {
			isa = PBXGroup;
			children = (
				CAD669711D89A8EF008F49F6 /* Numbers Custom Cell.swift */,
				CA925A8A1D82B5CC004BB6D1 /* CustomCell.swift */,
			);
			path = "Custom Cells";
			sourceTree = "<group>";
		};
		CA1B1C1E1D83463A003289D1 /* Frameworks */ = {
			isa = PBXGroup;
			children = (
				CA3B8E0A1D87690500062EC7 /* ContactsUI.framework */,
				CA1B1C1F1D83463A003289D1 /* MessageUI.framework */,
			);
			name = Frameworks;
			sourceTree = "<group>";
		};
		CA1BB2271D7ADB5F00A4E0B7 = {
			isa = PBXGroup;
			children = (
				CA1BB2321D7ADB5F00A4E0B7 /* KwikText */,
				CA1BB2311D7ADB5F00A4E0B7 /* Products */,
				CA1B1C1E1D83463A003289D1 /* Frameworks */,
			);
			sourceTree = "<group>";
		};
		CA1BB2311D7ADB5F00A4E0B7 /* Products */ = {
			isa = PBXGroup;
			children = (
				CA1BB2301D7ADB5F00A4E0B7 /* KwikText.app */,
			);
			name = Products;
			sourceTree = "<group>";
		};
		CA1BB2321D7ADB5F00A4E0B7 /* KwikText */ = {
			isa = PBXGroup;
			children = (
				A0B626FA24BFCF7C004F234A /* Custom Cells */,
				A0B626F924BFCE71004F234A /* Storyboards */,
				CA3E7B3424AEA59F0059F208 /* View Controllers */,
				CA1BB2331D7ADB5F00A4E0B7 /* AppDelegate.swift */,
				CA1BB23A1D7ADB5F00A4E0B7 /* Assets.xcassets */,
				CA1BB23F1D7ADB5F00A4E0B7 /* Info.plist */,
			);
			path = KwikText;
			sourceTree = "<group>";
		};
		CA3E7B3424AEA59F0059F208 /* View Controllers */ = {
			isa = PBXGroup;
			children = (
				CAD6696F1D899D6D008F49F6 /* PhonesPopupViewController.swift */,
				CA3B8E081D8600B000062EC7 /* AddEditViewController.swift */,
				CAD669731D8C1B6E008F49F6 /* AboutViewController.swift */,
				CA1BB2351D7ADB5F00A4E0B7 /* ViewController.swift */,
			);
			path = "View Controllers";
			sourceTree = "<group>";
		};
/* End PBXGroup section */

/* Begin PBXNativeTarget section */
		CA1BB22F1D7ADB5F00A4E0B7 /* KwikText */ = {
			isa = PBXNativeTarget;
			buildConfigurationList = CA1BB2581D7ADB5F00A4E0B7 /* Build configuration list for PBXNativeTarget "KwikText" */;
			buildPhases = (
				CA1BB22C1D7ADB5F00A4E0B7 /* Sources */,
				CA1BB22D1D7ADB5F00A4E0B7 /* Frameworks */,
				CA1BB22E1D7ADB5F00A4E0B7 /* Resources */,
			);
			buildRules = (
			);
			dependencies = (
			);
			name = KwikText;
			productName = KwikText;
			productReference = CA1BB2301D7ADB5F00A4E0B7 /* KwikText.app */;
			productType = "com.apple.product-type.application";
		};
/* End PBXNativeTarget section */

/* Begin PBXProject section */
		CA1BB2281D7ADB5F00A4E0B7 /* Project object */ = {
			isa = PBXProject;
			attributes = {
				LastSwiftUpdateCheck = 0730;
				LastUpgradeCheck = 1150;
				ORGANIZATIONNAME = PaulBa71;
				TargetAttributes = {
					CA1BB22F1D7ADB5F00A4E0B7 = {
						CreatedOnToolsVersion = 7.3.1;
						DevelopmentTeam = CVPV8WR9Y3;
						LastSwiftMigration = 0800;
					};
				};
			};
			buildConfigurationList = CA1BB22B1D7ADB5F00A4E0B7 /* Build configuration list for PBXProject "KwikText" */;
			compatibilityVersion = "Xcode 3.2";
			developmentRegion = en;
			hasScannedForEncodings = 0;
			knownRegions = (
				en,
				Base,
			);
			mainGroup = CA1BB2271D7ADB5F00A4E0B7;
			productRefGroup = CA1BB2311D7ADB5F00A4E0B7 /* Products */;
			projectDirPath = "";
			projectRoot = "";
			targets = (
				CA1BB22F1D7ADB5F00A4E0B7 /* KwikText */,
			);
		};
/* End PBXProject section */

/* Begin PBXResourcesBuildPhase section */
		CA1BB22E1D7ADB5F00A4E0B7 /* Resources */ = {
			isa = PBXResourcesBuildPhase;
			buildActionMask = 2147483647;
			files = (
				CA1BB23E1D7ADB5F00A4E0B7 /* LaunchScreen.storyboard in Resources */,
				CA1BB23B1D7ADB5F00A4E0B7 /* Assets.xcassets in Resources */,
				CA1BB2391D7ADB5F00A4E0B7 /* Main.storyboard in Resources */,
			);
			runOnlyForDeploymentPostprocessing = 0;
		};
/* End PBXResourcesBuildPhase section */

/* Begin PBXSourcesBuildPhase section */
		CA1BB22C1D7ADB5F00A4E0B7 /* Sources */ = {
			isa = PBXSourcesBuildPhase;
			buildActionMask = 2147483647;
			files = (
				CAD669701D899D6D008F49F6 /* PhonesPopupViewController.swift in Sources */,
				CAD669721D89A8EF008F49F6 /* Numbers Custom Cell.swift in Sources */,
				CA3B8E091D8600B000062EC7 /* AddEditViewController.swift in Sources */,
				CAD669741D8C1B6E008F49F6 /* AboutViewController.swift in Sources */,
				CA1BB2361D7ADB5F00A4E0B7 /* ViewController.swift in Sources */,
				CA925A8B1D82B5CC004BB6D1 /* CustomCell.swift in Sources */,
				CA1BB2341D7ADB5F00A4E0B7 /* AppDelegate.swift in Sources */,
			);
			runOnlyForDeploymentPostprocessing = 0;
		};
/* End PBXSourcesBuildPhase section */

/* Begin PBXVariantGroup section */
		CA1BB2371D7ADB5F00A4E0B7 /* Main.storyboard */ = {
			isa = PBXVariantGroup;
			children = (
				CA1BB2381D7ADB5F00A4E0B7 /* Base */,
			);
			name = Main.storyboard;
			sourceTree = "<group>";
		};
		CA1BB23C1D7ADB5F00A4E0B7 /* LaunchScreen.storyboard */ = {
			isa = PBXVariantGroup;
			children = (
				CA1BB23D1D7ADB5F00A4E0B7 /* Base */,
			);
			name = LaunchScreen.storyboard;
			sourceTree = "<group>";
		};
/* End PBXVariantGroup section */

/* Begin XCBuildConfiguration section */
		CA1BB2561D7ADB5F00A4E0B7 /* Debug */ = {
			isa = XCBuildConfiguration;
			buildSettings = {
				ALWAYS_SEARCH_USER_PATHS = NO;
				CLANG_ANALYZER_LOCALIZABILITY_NONLOCALIZED = YES;
				CLANG_ANALYZER_NONNULL = YES;
				CLANG_CXX_LANGUAGE_STANDARD = "gnu++0x";
				CLANG_CXX_LIBRARY = "libc++";
				CLANG_ENABLE_MODULES = YES;
				CLANG_ENABLE_OBJC_ARC = YES;
				CLANG_WARN_BLOCK_CAPTURE_AUTORELEASING = YES;
				CLANG_WARN_BOOL_CONVERSION = YES;
				CLANG_WARN_COMMA = YES;
				CLANG_WARN_CONSTANT_CONVERSION = YES;
				CLANG_WARN_DEPRECATED_OBJC_IMPLEMENTATIONS = YES;
				CLANG_WARN_DIRECT_OBJC_ISA_USAGE = YES_ERROR;
				CLANG_WARN_EMPTY_BODY = YES;
				CLANG_WARN_ENUM_CONVERSION = YES;
				CLANG_WARN_INFINITE_RECURSION = YES;
				CLANG_WARN_INT_CONVERSION = YES;
				CLANG_WARN_NON_LITERAL_NULL_CONVERSION = YES;
				CLANG_WARN_OBJC_IMPLICIT_RETAIN_SELF = YES;
				CLANG_WARN_OBJC_LITERAL_CONVERSION = YES;
				CLANG_WARN_OBJC_ROOT_CLASS = YES_ERROR;
				CLANG_WARN_RANGE_LOOP_ANALYSIS = YES;
				CLANG_WARN_STRICT_PROTOTYPES = YES;
				CLANG_WARN_SUSPICIOUS_MOVE = YES;
				CLANG_WARN_UNREACHABLE_CODE = YES;
				CLANG_WARN__DUPLICATE_METHOD_MATCH = YES;
				"CODE_SIGN_IDENTITY[sdk=iphoneos*]" = "iPhone Developer";
				COPY_PHASE_STRIP = NO;
				DEBUG_INFORMATION_FORMAT = dwarf;
				ENABLE_STRICT_OBJC_MSGSEND = YES;
				ENABLE_TESTABILITY = YES;
				GCC_C_LANGUAGE_STANDARD = gnu99;
				GCC_DYNAMIC_NO_PIC = NO;
				GCC_NO_COMMON_BLOCKS = YES;
				GCC_OPTIMIZATION_LEVEL = 0;
				GCC_PREPROCESSOR_DEFINITIONS = (
					"DEBUG=1",
					"$(inherited)",
				);
				GCC_WARN_64_TO_32_BIT_CONVERSION = YES;
				GCC_WARN_ABOUT_RETURN_TYPE = YES_ERROR;
				GCC_WARN_UNDECLARED_SELECTOR = YES;
				GCC_WARN_UNINITIALIZED_AUTOS = YES_AGGRESSIVE;
				GCC_WARN_UNUSED_FUNCTION = YES;
				GCC_WARN_UNUSED_VARIABLE = YES;
				IPHONEOS_DEPLOYMENT_TARGET = 9.3;
				MTL_ENABLE_DEBUG_INFO = YES;
				ONLY_ACTIVE_ARCH = YES;
				SDKROOT = iphoneos;
				SWIFT_OPTIMIZATION_LEVEL = "-Onone";
			};
			name = Debug;
		};
		CA1BB2571D7ADB5F00A4E0B7 /* Release */ = {
			isa = XCBuildConfiguration;
			buildSettings = {
				ALWAYS_SEARCH_USER_PATHS = NO;
				CLANG_ANALYZER_LOCALIZABILITY_NONLOCALIZED = YES;
				CLANG_ANALYZER_NONNULL = YES;
				CLANG_CXX_LANGUAGE_STANDARD = "gnu++0x";
				CLANG_CXX_LIBRARY = "libc++";
				CLANG_ENABLE_MODULES = YES;
				CLANG_ENABLE_OBJC_ARC = YES;
				CLANG_WARN_BLOCK_CAPTURE_AUTORELEASING = YES;
				CLANG_WARN_BOOL_CONVERSION = YES;
				CLANG_WARN_COMMA = YES;
				CLANG_WARN_CONSTANT_CONVERSION = YES;
				CLANG_WARN_DEPRECATED_OBJC_IMPLEMENTATIONS = YES;
				CLANG_WARN_DIRECT_OBJC_ISA_USAGE = YES_ERROR;
				CLANG_WARN_EMPTY_BODY = YES;
				CLANG_WARN_ENUM_CONVERSION = YES;
				CLANG_WARN_INFINITE_RECURSION = YES;
				CLANG_WARN_INT_CONVERSION = YES;
				CLANG_WARN_NON_LITERAL_NULL_CONVERSION = YES;
				CLANG_WARN_OBJC_IMPLICIT_RETAIN_SELF = YES;
				CLANG_WARN_OBJC_LITERAL_CONVERSION = YES;
				CLANG_WARN_OBJC_ROOT_CLASS = YES_ERROR;
				CLANG_WARN_RANGE_LOOP_ANALYSIS = YES;
				CLANG_WARN_STRICT_PROTOTYPES = YES;
				CLANG_WARN_SUSPICIOUS_MOVE = YES;
				CLANG_WARN_UNREACHABLE_CODE = YES;
				CLANG_WARN__DUPLICATE_METHOD_MATCH = YES;
				"CODE_SIGN_IDENTITY[sdk=iphoneos*]" = "iPhone Developer";
				COPY_PHASE_STRIP = NO;
				DEBUG_INFORMATION_FORMAT = "dwarf-with-dsym";
				ENABLE_NS_ASSERTIONS = NO;
				ENABLE_STRICT_OBJC_MSGSEND = YES;
				GCC_C_LANGUAGE_STANDARD = gnu99;
				GCC_NO_COMMON_BLOCKS = YES;
				GCC_WARN_64_TO_32_BIT_CONVERSION = YES;
				GCC_WARN_ABOUT_RETURN_TYPE = YES_ERROR;
				GCC_WARN_UNDECLARED_SELECTOR = YES;
				GCC_WARN_UNINITIALIZED_AUTOS = YES_AGGRESSIVE;
				GCC_WARN_UNUSED_FUNCTION = YES;
				GCC_WARN_UNUSED_VARIABLE = YES;
				IPHONEOS_DEPLOYMENT_TARGET = 9.3;
				MTL_ENABLE_DEBUG_INFO = NO;
				SDKROOT = iphoneos;
				SWIFT_OPTIMIZATION_LEVEL = "-Owholemodule";
				VALIDATE_PRODUCT = YES;
			};
			name = Release;
		};
		CA1BB2591D7ADB5F00A4E0B7 /* Debug */ = {
			isa = XCBuildConfiguration;
			buildSettings = {
				ASSETCATALOG_COMPILER_APPICON_NAME = AppIcon;
				CODE_SIGN_IDENTITY = "iPhone Developer";
				"CODE_SIGN_IDENTITY[sdk=iphoneos*]" = "iPhone Developer";
				DEVELOPMENT_TEAM = CVPV8WR9Y3;
				INFOPLIST_FILE = KwikText/Info.plist;
				LD_RUNPATH_SEARCH_PATHS = "$(inherited) @executable_path/Frameworks";
				PRODUCT_BUNDLE_IDENTIFIER = PaulBa71.KwikText;
				PRODUCT_NAME = "$(TARGET_NAME)";
				PROVISIONING_PROFILE = "";
				SWIFT_VERSION = 5.0;
			};
			name = Debug;
		};
		CA1BB25A1D7ADB5F00A4E0B7 /* Release */ = {
			isa = XCBuildConfiguration;
			buildSettings = {
				ASSETCATALOG_COMPILER_APPICON_NAME = AppIcon;
				CODE_SIGN_IDENTITY = "iPhone Developer";
				"CODE_SIGN_IDENTITY[sdk=iphoneos*]" = "iPhone Developer";
				DEVELOPMENT_TEAM = CVPV8WR9Y3;
				INFOPLIST_FILE = KwikText/Info.plist;
				LD_RUNPATH_SEARCH_PATHS = "$(inherited) @executable_path/Frameworks";
				PRODUCT_BUNDLE_IDENTIFIER = PaulBa71.KwikText;
				PRODUCT_NAME = "$(TARGET_NAME)";
				PROVISIONING_PROFILE = "";
				SWIFT_VERSION = 5.0;
			};
			name = Release;
		};
/* End XCBuildConfiguration section */

/* Begin XCConfigurationList section */
		CA1BB22B1D7ADB5F00A4E0B7 /* Build configuration list for PBXProject "KwikText" */ = {
			isa = XCConfigurationList;
			buildConfigurations = (
				CA1BB2561D7ADB5F00A4E0B7 /* Debug */,
				CA1BB2571D7ADB5F00A4E0B7 /* Release */,
			);
			defaultConfigurationIsVisible = 0;
			defaultConfigurationName = Release;
		};
		CA1BB2581D7ADB5F00A4E0B7 /* Build configuration list for PBXNativeTarget "KwikText" */ = {
			isa = XCConfigurationList;
			buildConfigurations = (
				CA1BB2591D7ADB5F00A4E0B7 /* Debug */,
				CA1BB25A1D7ADB5F00A4E0B7 /* Release */,
			);
			defaultConfigurationIsVisible = 0;
			defaultConfigurationName = Release;
		};
/* End XCConfigurationList section */
	};
	rootObject = CA1BB2281D7ADB5F00A4E0B7 /* Project object */;
}
